
Microsoft Visual Studio Solution File, Format Version 12.00
# Visual Studio Version 16
VisualStudioVersion = 16.0.29318.209
MinimumVisualStudioVersion = 10.0.40219.1
Project("{FAE04EC0-301F-11D3-BF4B-00C04F79EFBC}") = "nikSimeticZadatak3", "nikSimeticZadatak3\nikSimeticZadatak3.csproj", "{45843B75-B467-4805-BC92-794F60AF6B1D}"
EndProject
Global
	GlobalSection(SolutionConfigurationPlatforms) = preSolution
		Debug|Any CPU = Debug|Any CPU
		Release|Any CPU = Release|Any CPU
	EndGlobalSection
	GlobalSection(ProjectConfigurationPlatforms) = postSolution
		{45843B75-B467-4805-BC92-794F60AF6B1D}.Debug|Any CPU.ActiveCfg = Debug|Any CPU
		{45843B75-B467-4805-BC92-794F60AF6B1D}.Debug|Any CPU.Build.0 = Debug|Any CPU
		{45843B75-B467-4805-BC92-794F60AF6B1D}.Release|Any CPU.ActiveCfg = Release|Any CPU
		{45843B75-B467-4805-BC92-794F60AF6B1D}.Release|Any CPU.Build.0 = Release|Any CPU
	EndGlobalSection
	GlobalSection(SolutionProperties) = preSolution
		HideSolutionNode = FALSE
	EndGlobalSection
	GlobalSection(ExtensibilityGlobals) = postSolution
		SolutionGuid = {33F0338A-8618-4B7E-995C-C3305757D7C7}
	EndGlobalSection
EndGlobal
